
Microsoft Visual Studio Solution File, Format Version 12.00
# Visual Studio Version 16
VisualStudioVersion = 16.0.31702.278
MinimumVisualStudioVersion = 10.0.40219.1
Project("{FAE04EC0-301F-11D3-BF4B-00C04F79EFBC}") = "ExtrapilatoryModem", "ExtrapilatoryModem\ExtrapilatoryModem.csproj", "{5E83E315-53DC-476F-9EAA-9ADDE2D58E1E}"
EndProject
Global
	GlobalSection(SolutionConfigurationPlatforms) = preSolution
		Debug|Any CPU = Debug|Any CPU
		Release|Any CPU = Release|Any CPU
	EndGlobalSection
	GlobalSection(ProjectConfigurationPlatforms) = postSolution
		{5E83E315-53DC-476F-9EAA-9ADDE2D58E1E}.Debug|Any CPU.ActiveCfg = Debug|Any CPU
		{5E83E315-53DC-476F-9EAA-9ADDE2D58E1E}.Debug|Any CPU.Build.0 = Debug|Any CPU
		{5E83E315-53DC-476F-9EAA-9ADDE2D58E1E}.Release|Any CPU.ActiveCfg = Release|Any CPU
		{5E83E315-53DC-476F-9EAA-9ADDE2D58E1E}.Release|Any CPU.Build.0 = Release|Any CPU
	EndGlobalSection
	GlobalSection(SolutionProperties) = preSolution
		HideSolutionNode = FALSE
	EndGlobalSection
	GlobalSection(ExtensibilityGlobals) = postSolution
		SolutionGuid = {4EA73D4C-54AD-49BE-9501-1839FEEDC6E2}
	EndGlobalSection
EndGlobal
